
Microsoft Visual Studio Solution File, Format Version 12.00
# Visual Studio Version 17
VisualStudioVersion = 17.10.35013.160
MinimumVisualStudioVersion = 10.0.40219.1
Project("{FAE04EC0-301F-11D3-BF4B-00C04F79EFBC}") = "QuartzJobManagementDemo", "QuartzJobManagementDemo\QuartzJobManagementDemo.csproj", "{B1224E5F-EA7E-416F-A122-D3522C3BDFCB}"
EndProject
Global
	GlobalSection(SolutionConfigurationPlatforms) = preSolution
		Debug|Any CPU = Debug|Any CPU
		Release|Any CPU = Release|Any CPU
	EndGlobalSection
	GlobalSection(ProjectConfigurationPlatforms) = postSolution
		{B1224E5F-EA7E-416F-A122-D3522C3BDFCB}.Debug|Any CPU.ActiveCfg = Debug|Any CPU
		{B1224E5F-EA7E-416F-A122-D3522C3BDFCB}.Debug|Any CPU.Build.0 = Debug|Any CPU
		{B1224E5F-EA7E-416F-A122-D3522C3BDFCB}.Release|Any CPU.ActiveCfg = Release|Any CPU
		{B1224E5F-EA7E-416F-A122-D3522C3BDFCB}.Release|Any CPU.Build.0 = Release|Any CPU
	EndGlobalSection
	GlobalSection(SolutionProperties) = preSolution
		HideSolutionNode = FALSE
	EndGlobalSection
	GlobalSection(ExtensibilityGlobals) = postSolution
		SolutionGuid = {49BEC9BB-823E-4F98-BEE2-745895E369C2}
	EndGlobalSection
EndGlobal
